
Microsoft Visual Studio Solution File, Format Version 12.00
# Visual Studio 15
VisualStudioVersion = 15.0.27703.2042
MinimumVisualStudioVersion = 10.0.40219.1
Project("{888888A0-9F3D-457C-B088-3A5042F75D52}") = "bus routing", "bus routing\bus routing.pyproj", "{A373FA6B-36C0-42A3-A673-0311A62E9DFA}"
EndProject
Global
	GlobalSection(SolutionConfigurationPlatforms) = preSolution
		Debug|Any CPU = Debug|Any CPU
		Debug|x64 = Debug|x64
		Debug|x86 = Debug|x86
		Release|Any CPU = Release|Any CPU
		Release|x64 = Release|x64
		Release|x86 = Release|x86
	EndGlobalSection
	GlobalSection(ProjectConfigurationPlatforms) = postSolution
		{A373FA6B-36C0-42A3-A673-0311A62E9DFA}.Debug|Any CPU.ActiveCfg = Debug|Any CPU
		{A373FA6B-36C0-42A3-A673-0311A62E9DFA}.Debug|x64.ActiveCfg = Debug|Any CPU
		{A373FA6B-36C0-42A3-A673-0311A62E9DFA}.Debug|x86.ActiveCfg = Debug|Any CPU
		{A373FA6B-36C0-42A3-A673-0311A62E9DFA}.Release|Any CPU.ActiveCfg = Release|Any CPU
		{A373FA6B-36C0-42A3-A673-0311A62E9DFA}.Release|x64.ActiveCfg = Release|Any CPU
		{A373FA6B-36C0-42A3-A673-0311A62E9DFA}.Release|x86.ActiveCfg = Release|Any CPU
	EndGlobalSection
	GlobalSection(SolutionProperties) = preSolution
		HideSolutionNode = FALSE
	EndGlobalSection
	GlobalSection(ExtensibilityGlobals) = postSolution
		SolutionGuid = {CEAB120F-D21A-4D85-8565-3FC547392C38}
	EndGlobalSection
EndGlobal
